
Microsoft Visual Studio Solution File, Format Version 12.00
Project("{FAE04EC0-301F-11D3-BF4B-00C04F79EFBC}") = "To_My_Critics_1850A", "To_My_Critics_1850A\To_My_Critics_1850A.csproj", "{6A5743D9-2FA4-4682-89F2-AA8DA5FD9E6B}"
EndProject
Global
	GlobalSection(SolutionConfigurationPlatforms) = preSolution
		Debug|Any CPU = Debug|Any CPU
		Release|Any CPU = Release|Any CPU
	EndGlobalSection
	GlobalSection(ProjectConfigurationPlatforms) = postSolution
		{6A5743D9-2FA4-4682-89F2-AA8DA5FD9E6B}.Debug|Any CPU.ActiveCfg = Debug|Any CPU
		{6A5743D9-2FA4-4682-89F2-AA8DA5FD9E6B}.Debug|Any CPU.Build.0 = Debug|Any CPU
		{6A5743D9-2FA4-4682-89F2-AA8DA5FD9E6B}.Release|Any CPU.ActiveCfg = Release|Any CPU
		{6A5743D9-2FA4-4682-89F2-AA8DA5FD9E6B}.Release|Any CPU.Build.0 = Release|Any CPU
	EndGlobalSection
EndGlobal
