
Microsoft Visual Studio Solution File, Format Version 12.00
Project("{FAE04EC0-301F-11D3-BF4B-00C04F79EFBC}") = "To_My_Critics_1850A", "To_My_Critics_1850A\To_My_Critics_1850A.csproj", "{6A5743D9-2FA4-4682-89F2-AA8DA5FD9E6B}"
EndProject
Project("{FAE04EC0-301F-11D3-BF4B-00C04F79EFBC}") = "Watermelon_4A", "Watermelon_4A\Watermelon_4A.csproj", "{B976F7D2-73A2-4A68-B284-AC8F3DDB7956}"
EndProject
Project("{FAE04EC0-301F-11D3-BF4B-00C04F79EFBC}") = "Team_231A", "Team_231A\Team_231A.csproj", "{FF703336-0303-4BF3-B1A2-3386F500AF57}"
EndProject
Project("{FAE04EC0-301F-11D3-BF4B-00C04F79EFBC}") = "George_and_Accommodation_467A", "George_and_Accommodation_467A\George_and_Accommodation_467A.csproj", "{8AFAA04B-F40B-448D-BA9A-C846711C87C4}"
EndProject
Project("{FAE04EC0-301F-11D3-BF4B-00C04F79EFBC}") = "Hulk_705A", "Hulk_705A\Hulk_705A.csproj", "{C93B5D13-1389-4E9F-8787-6368C350FCE4}"
EndProject
Project("{FAE04EC0-301F-11D3-BF4B-00C04F79EFBC}") = "Love_A_1146A", "Love_A_1146A\Love_A_1146A.csproj", "{F20DEE3B-9A33-4BAB-90EB-EAB09ED3868B}"
EndProject
Project("{FAE04EC0-301F-11D3-BF4B-00C04F79EFBC}") = "Favorite _Sequence_1462A", "Favorite _Sequence_1462A\Favorite _Sequence_1462A.csproj", "{C172D302-D08C-4D15-9DBD-0ACDD8CD94E0}"
EndProject
Project("{FAE04EC0-301F-11D3-BF4B-00C04F79EFBC}") = "Fox_And_Snake_510A", "Fox_And_Snake_510A\Fox_And_Snake_510A.csproj", "{88BB2EEE-9409-4780-A539-2086910D6A4D}"
EndProject
Project("{FAE04EC0-301F-11D3-BF4B-00C04F79EFBC}") = "Again_Twenty_Five_630A", "Again_Twenty_Five_630A\Again_Twenty_Five_630A.csproj", "{782C3767-5B89-402D-B4B6-1779E091AD3A}"
EndProject
Project("{FAE04EC0-301F-11D3-BF4B-00C04F79EFBC}") = "Helpful_Maths_339A", "Helpful_Maths_339A\Helpful_Maths_339A.csproj", "{517EDAA6-DD66-4484-895F-9CE031904214}"
EndProject
Project("{FAE04EC0-301F-11D3-BF4B-00C04F79EFBC}") = "Eshag_Loves_Big_Arrays_1529A", "Eshag_Loves_Big_Arrays_1529A\Eshag_Loves_Big_Arrays_1529A.csproj", "{63A1B42B-2C30-428D-B03F-825DF7CD9C61}"
EndProject
Project("{FAE04EC0-301F-11D3-BF4B-00C04F79EFBC}") = "Cards_1220A", "Cards_1220A\Cards_1220A.csproj", "{2165F2A3-7405-4D88-978A-14686BAD5EC0}"
EndProject
Project("{FAE04EC0-301F-11D3-BF4B-00C04F79EFBC}") = "Picky_Eater_102267A", "Picky_Eater_102267A\Picky_Eater_102267A.csproj", "{96EC4286-3822-4A01-8D70-03F313AED61B}"
EndProject
Project("{FAE04EC0-301F-11D3-BF4B-00C04F79EFBC}") = "Matryoshka_Dolls_102267C", "Matryoshka_Dolls_102267C\Matryoshka_Dolls_102267C.csproj", "{B2A03076-3C03-4C14-8387-1A8E10AE2B3C}"
EndProject
Project("{FAE04EC0-301F-11D3-BF4B-00C04F79EFBC}") = "Telephone_Number_1167A", "Telephone_Number_1167A\Telephone_Number_1167A.csproj", "{BA51E3D5-37F3-4D65-B405-B4A7917A70FE}"
EndProject
Project("{FAE04EC0-301F-11D3-BF4B-00C04F79EFBC}") = "Football_96A", "Football_96A\Football_96A.csproj", "{6F8681E4-0140-4D3E-941A-A3B285520185}"
EndProject
Project("{FAE04EC0-301F-11D3-BF4B-00C04F79EFBC}") = "Holiday_Of_Equality_758A", "Holiday_Of_Equality_758A\Holiday_Of_Equality_758A.csproj", "{ABF92C49-1F91-4F7D-9757-BA0CBCDD16DE}"
EndProject
Project("{FAE04EC0-301F-11D3-BF4B-00C04F79EFBC}") = "Pangram_520A", "Pangram_520A\Pangram_520A.csproj", "{79290CD5-8FA6-4CD6-BAEB-1737D3762498}"
EndProject
Project("{FAE04EC0-301F-11D3-BF4B-00C04F79EFBC}") = "Short_Substrings_1367A", "Short_Substrings_1367A\Short_Substrings_1367A.csproj", "{8A8FAC80-A4DB-4714-82EF-B39373970D1B}"
EndProject
Project("{FAE04EC0-301F-11D3-BF4B-00C04F79EFBC}") = "Bear_and_Big_Brother_791A", "Bear_and_Big_Brother_791A\Bear_and_Big_Brother_791A.csproj", "{B8CD6A70-858C-4A23-899E-738ACCEA5A2E}"
EndProject
Project("{FAE04EC0-301F-11D3-BF4B-00C04F79EFBC}") = "Wrong_Subtraction_977A", "Wrong_Subtraction_977A\Wrong_Subtraction_977A.csproj", "{0AFC53A8-F164-4909-BA92-AA204CC4899F}"
EndProject
Project("{FAE04EC0-301F-11D3-BF4B-00C04F79EFBC}") = "Soldier_and_Bananas_546A", "Soldier_and_Bananas_546A\Soldier_and_Bananas_546A.csproj", "{3BC44606-68FD-44BE-8942-E1BEFBD12B98}"
EndProject
Project("{FAE04EC0-301F-11D3-BF4B-00C04F79EFBC}") = "Beautiful_Year_271A", "Beautiful_Year_271A\Beautiful_Year_271A.csproj", "{631F264E-0A0C-41D2-9F70-8ABD6931DDF3}"
EndProject
Project("{FAE04EC0-301F-11D3-BF4B-00C04F79EFBC}") = "In Search_of_an_Easy_Problem_1030A", "In Search_of_an_Easy_Problem_1030A\In Search_of_an_Easy_Problem_1030A.csproj", "{4A34299E-BBE3-469E-AB2F-FBC9007EBB99}"
EndProject
Project("{FAE04EC0-301F-11D3-BF4B-00C04F79EFBC}") = "ICPC_Balloons_1703B", "ICPC_Balloons_1703B\ICPC_Balloons_1703B.csproj", "{76AE6E1B-F362-4B23-B7AC-B8324E117552}"
EndProject
Project("{FAE04EC0-301F-11D3-BF4B-00C04F79EFBC}") = "A_plus_B_1772A", "A_plus_B_1772A\A_plus_B_1772A.csproj", "{A4538B0C-34FD-4057-B115-FC86CBE2C7A0}"
EndProject
Project("{FAE04EC0-301F-11D3-BF4B-00C04F79EFBC}") = "Plus_or_Minus_1807A", "Plus_or_Minus_1807A\Plus_or_Minus_1807A.csproj", "{88D7F2C3-270F-4666-BE68-02E44A1D4E1C}"
EndProject
Project("{FAE04EC0-301F-11D3-BF4B-00C04F79EFBC}") = "Lucky_1676A", "Lucky_1676A\Lucky_1676A.csproj", "{1FAE7701-DEA2-4A9D-9B6B-5A40B49D3455}"
EndProject
Project("{FAE04EC0-301F-11D3-BF4B-00C04F79EFBC}") = "Blank_Space_1829B", "Blank_Space_1829B\Blank_Space_1829B.csproj", "{39FCF7BB-CC05-410C-BCE1-8EFE465507B6}"
EndProject
Project("{FAE04EC0-301F-11D3-BF4B-00C04F79EFBC}") = "Love_Story_1829A", "Love_Story_1829A\Love_Story_1829A.csproj", "{ECBACB61-BDAE-4EEC-B3FD-E8B74DD0C497}"
EndProject
Project("{FAE04EC0-301F-11D3-BF4B-00C04F79EFBC}") = "Elephant_617A", "Elephant_617A\Elephant_617A.csproj", "{C57AA97B-A8DC-4B95-97F8-589387398501}"
EndProject
Project("{FAE04EC0-301F-11D3-BF4B-00C04F79EFBC}") = "Is_your_horseshoe_on_the_other_hoof_228A", "Is_your_horseshoe_on_the_other_hoof_228A\Is_your_horseshoe_on_the_other_hoof_228A.csproj", "{9062A59D-0234-4BD0-B02C-568C368A8307}"
EndProject
Project("{FAE04EC0-301F-11D3-BF4B-00C04F79EFBC}") = "Anton_and_Polyhedrons_785A", "Anton_and_Polyhedrons_785A\Anton_and_Polyhedrons_785A.csproj", "{CFE8095F-E950-4E4C-834F-122072675F25}"
EndProject
Project("{FAE04EC0-301F-11D3-BF4B-00C04F79EFBC}") = "String_Task_118A", "String_Task_118A\String_Task_118A.csproj", "{A3113351-E4B4-4CB7-8B93-E95F38E0B38F}"
EndProject
Project("{FAE04EC0-301F-11D3-BF4B-00C04F79EFBC}") = "Divisibility_Problem_1328A", "Divisibility_Problem_1328A\Divisibility_Problem_1328A.csproj", "{F189F327-36AC-4C59-9505-D5386E20D7D8}"
EndProject
Project("{FAE04EC0-301F-11D3-BF4B-00C04F79EFBC}") = "Dislike_of_Threes_1560A", "Dislike_of_Threes_1560A\Dislike_of_Threes_1560A.csproj", "{55864B1E-CF0C-4BB2-B56C-65B2F6A1AB73}"
EndProject
Project("{FAE04EC0-301F-11D3-BF4B-00C04F79EFBC}") = "Police_Recruits_427A", "Police_Recruits_427A\Police_Recruits_427A.csproj", "{DAE35FF1-9DE6-4473-B638-492EEEAD2249}"
EndProject
Project("{FAE04EC0-301F-11D3-BF4B-00C04F79EFBC}") = "Vus_the_Cossack_and_a_Contest_1186A", "Vus_the_Cossack_and_a_Contest_1186A\Vus_the_Cossack_and_a_Contest_1186A.csproj", "{613C894F-6126-44D7-99EF-6C076B1EA71B}"
EndProject
Project("{FAE04EC0-301F-11D3-BF4B-00C04F79EFBC}") = "Football_43A", "Football_43A\Football_43A.csproj", "{D3B5F17D-AF2E-41B9-871B-FAEECF375A0C}"
EndProject
Project("{FAE04EC0-301F-11D3-BF4B-00C04F79EFBC}") = "Spell_Check_1722A", "Spell_Check_1722A\Spell_Check_1722A.csproj", "{00DDC54E-A196-442A-95AE-95F4FE8F06CA}"
EndProject
Project("{FAE04EC0-301F-11D3-BF4B-00C04F79EFBC}") = "Remove_Duplicates_978A", "Remove_Duplicates_978A\Remove_Duplicates_978A.csproj", "{A0DBCDA3-BBE4-4BA3-A3A0-4FA605FA9584}"
EndProject
Project("{FAE04EC0-301F-11D3-BF4B-00C04F79EFBC}") = "String_Building_1671A", "String_Building_1671A\String_Building_1671A.csproj", "{5FE694AE-C1C4-4406-9883-5A1B568F59A9}"
EndProject
Project("{FAE04EC0-301F-11D3-BF4B-00C04F79EFBC}") = "In_game_Chat_1411A", "In_game_Chat_1411A\In_game_Chat_1411A.csproj", "{06F8E9AD-7B53-4D94-9407-3FD2E1574AD0}"
EndProject
Project("{FAE04EC0-301F-11D3-BF4B-00C04F79EFBC}") = "Drinks_200B", "Drinks_200B\Drinks_200B.csproj", "{29AC911C-1FD8-4AC2-96C7-52ADD6AED616}"
EndProject
Project("{FAE04EC0-301F-11D3-BF4B-00C04F79EFBC}") = "Arrival_of_the_General_144A", "Arrival_of_the_General_144A\Arrival_of_the_General_144A.csproj", "{C759F2C6-57C9-46EC-B290-1A59A8D73ED6}"
EndProject
Project("{FAE04EC0-301F-11D3-BF4B-00C04F79EFBC}") = "Bit_plus_plus_282A", "Bit_plus_plus_282A\Bit_plus_plus_282A.csproj", "{0CED74C1-937B-46C3-990F-692A602D9649}"
EndProject
Project("{FAE04EC0-301F-11D3-BF4B-00C04F79EFBC}") = "Even_Odds_318A", "Even_Odds_318A\Even_Odds_318A.csproj", "{29C83B3E-1453-4F39-92A7-DA897917B63D}"
EndProject
Global
	GlobalSection(SolutionConfigurationPlatforms) = preSolution
		Debug|Any CPU = Debug|Any CPU
		Release|Any CPU = Release|Any CPU
	EndGlobalSection
	GlobalSection(ProjectConfigurationPlatforms) = postSolution
		{6A5743D9-2FA4-4682-89F2-AA8DA5FD9E6B}.Debug|Any CPU.ActiveCfg = Debug|Any CPU
		{6A5743D9-2FA4-4682-89F2-AA8DA5FD9E6B}.Debug|Any CPU.Build.0 = Debug|Any CPU
		{6A5743D9-2FA4-4682-89F2-AA8DA5FD9E6B}.Release|Any CPU.ActiveCfg = Release|Any CPU
		{6A5743D9-2FA4-4682-89F2-AA8DA5FD9E6B}.Release|Any CPU.Build.0 = Release|Any CPU
		{B976F7D2-73A2-4A68-B284-AC8F3DDB7956}.Debug|Any CPU.ActiveCfg = Debug|Any CPU
		{B976F7D2-73A2-4A68-B284-AC8F3DDB7956}.Debug|Any CPU.Build.0 = Debug|Any CPU
		{B976F7D2-73A2-4A68-B284-AC8F3DDB7956}.Release|Any CPU.ActiveCfg = Release|Any CPU
		{B976F7D2-73A2-4A68-B284-AC8F3DDB7956}.Release|Any CPU.Build.0 = Release|Any CPU
		{FF703336-0303-4BF3-B1A2-3386F500AF57}.Debug|Any CPU.ActiveCfg = Debug|Any CPU
		{FF703336-0303-4BF3-B1A2-3386F500AF57}.Debug|Any CPU.Build.0 = Debug|Any CPU
		{FF703336-0303-4BF3-B1A2-3386F500AF57}.Release|Any CPU.ActiveCfg = Release|Any CPU
		{FF703336-0303-4BF3-B1A2-3386F500AF57}.Release|Any CPU.Build.0 = Release|Any CPU
		{8AFAA04B-F40B-448D-BA9A-C846711C87C4}.Debug|Any CPU.ActiveCfg = Debug|Any CPU
		{8AFAA04B-F40B-448D-BA9A-C846711C87C4}.Debug|Any CPU.Build.0 = Debug|Any CPU
		{8AFAA04B-F40B-448D-BA9A-C846711C87C4}.Release|Any CPU.ActiveCfg = Release|Any CPU
		{8AFAA04B-F40B-448D-BA9A-C846711C87C4}.Release|Any CPU.Build.0 = Release|Any CPU
		{C93B5D13-1389-4E9F-8787-6368C350FCE4}.Debug|Any CPU.ActiveCfg = Debug|Any CPU
		{C93B5D13-1389-4E9F-8787-6368C350FCE4}.Debug|Any CPU.Build.0 = Debug|Any CPU
		{C93B5D13-1389-4E9F-8787-6368C350FCE4}.Release|Any CPU.ActiveCfg = Release|Any CPU
		{C93B5D13-1389-4E9F-8787-6368C350FCE4}.Release|Any CPU.Build.0 = Release|Any CPU
		{F20DEE3B-9A33-4BAB-90EB-EAB09ED3868B}.Debug|Any CPU.ActiveCfg = Debug|Any CPU
		{F20DEE3B-9A33-4BAB-90EB-EAB09ED3868B}.Debug|Any CPU.Build.0 = Debug|Any CPU
		{F20DEE3B-9A33-4BAB-90EB-EAB09ED3868B}.Release|Any CPU.ActiveCfg = Release|Any CPU
		{F20DEE3B-9A33-4BAB-90EB-EAB09ED3868B}.Release|Any CPU.Build.0 = Release|Any CPU
		{C172D302-D08C-4D15-9DBD-0ACDD8CD94E0}.Debug|Any CPU.ActiveCfg = Debug|Any CPU
		{C172D302-D08C-4D15-9DBD-0ACDD8CD94E0}.Debug|Any CPU.Build.0 = Debug|Any CPU
		{C172D302-D08C-4D15-9DBD-0ACDD8CD94E0}.Release|Any CPU.ActiveCfg = Release|Any CPU
		{C172D302-D08C-4D15-9DBD-0ACDD8CD94E0}.Release|Any CPU.Build.0 = Release|Any CPU
		{88BB2EEE-9409-4780-A539-2086910D6A4D}.Debug|Any CPU.ActiveCfg = Debug|Any CPU
		{88BB2EEE-9409-4780-A539-2086910D6A4D}.Debug|Any CPU.Build.0 = Debug|Any CPU
		{88BB2EEE-9409-4780-A539-2086910D6A4D}.Release|Any CPU.ActiveCfg = Release|Any CPU
		{88BB2EEE-9409-4780-A539-2086910D6A4D}.Release|Any CPU.Build.0 = Release|Any CPU
		{782C3767-5B89-402D-B4B6-1779E091AD3A}.Debug|Any CPU.ActiveCfg = Debug|Any CPU
		{782C3767-5B89-402D-B4B6-1779E091AD3A}.Debug|Any CPU.Build.0 = Debug|Any CPU
		{782C3767-5B89-402D-B4B6-1779E091AD3A}.Release|Any CPU.ActiveCfg = Release|Any CPU
		{782C3767-5B89-402D-B4B6-1779E091AD3A}.Release|Any CPU.Build.0 = Release|Any CPU
		{517EDAA6-DD66-4484-895F-9CE031904214}.Debug|Any CPU.ActiveCfg = Debug|Any CPU
		{517EDAA6-DD66-4484-895F-9CE031904214}.Debug|Any CPU.Build.0 = Debug|Any CPU
		{517EDAA6-DD66-4484-895F-9CE031904214}.Release|Any CPU.ActiveCfg = Release|Any CPU
		{517EDAA6-DD66-4484-895F-9CE031904214}.Release|Any CPU.Build.0 = Release|Any CPU
		{63A1B42B-2C30-428D-B03F-825DF7CD9C61}.Debug|Any CPU.ActiveCfg = Debug|Any CPU
		{63A1B42B-2C30-428D-B03F-825DF7CD9C61}.Debug|Any CPU.Build.0 = Debug|Any CPU
		{63A1B42B-2C30-428D-B03F-825DF7CD9C61}.Release|Any CPU.ActiveCfg = Release|Any CPU
		{63A1B42B-2C30-428D-B03F-825DF7CD9C61}.Release|Any CPU.Build.0 = Release|Any CPU
		{2165F2A3-7405-4D88-978A-14686BAD5EC0}.Debug|Any CPU.ActiveCfg = Debug|Any CPU
		{2165F2A3-7405-4D88-978A-14686BAD5EC0}.Debug|Any CPU.Build.0 = Debug|Any CPU
		{2165F2A3-7405-4D88-978A-14686BAD5EC0}.Release|Any CPU.ActiveCfg = Release|Any CPU
		{2165F2A3-7405-4D88-978A-14686BAD5EC0}.Release|Any CPU.Build.0 = Release|Any CPU
		{96EC4286-3822-4A01-8D70-03F313AED61B}.Debug|Any CPU.ActiveCfg = Debug|Any CPU
		{96EC4286-3822-4A01-8D70-03F313AED61B}.Debug|Any CPU.Build.0 = Debug|Any CPU
		{96EC4286-3822-4A01-8D70-03F313AED61B}.Release|Any CPU.ActiveCfg = Release|Any CPU
		{96EC4286-3822-4A01-8D70-03F313AED61B}.Release|Any CPU.Build.0 = Release|Any CPU
		{B2A03076-3C03-4C14-8387-1A8E10AE2B3C}.Debug|Any CPU.ActiveCfg = Debug|Any CPU
		{B2A03076-3C03-4C14-8387-1A8E10AE2B3C}.Debug|Any CPU.Build.0 = Debug|Any CPU
		{B2A03076-3C03-4C14-8387-1A8E10AE2B3C}.Release|Any CPU.ActiveCfg = Release|Any CPU
		{B2A03076-3C03-4C14-8387-1A8E10AE2B3C}.Release|Any CPU.Build.0 = Release|Any CPU
		{BA51E3D5-37F3-4D65-B405-B4A7917A70FE}.Debug|Any CPU.ActiveCfg = Debug|Any CPU
		{BA51E3D5-37F3-4D65-B405-B4A7917A70FE}.Debug|Any CPU.Build.0 = Debug|Any CPU
		{BA51E3D5-37F3-4D65-B405-B4A7917A70FE}.Release|Any CPU.ActiveCfg = Release|Any CPU
		{BA51E3D5-37F3-4D65-B405-B4A7917A70FE}.Release|Any CPU.Build.0 = Release|Any CPU
		{6F8681E4-0140-4D3E-941A-A3B285520185}.Debug|Any CPU.ActiveCfg = Debug|Any CPU
		{6F8681E4-0140-4D3E-941A-A3B285520185}.Debug|Any CPU.Build.0 = Debug|Any CPU
		{6F8681E4-0140-4D3E-941A-A3B285520185}.Release|Any CPU.ActiveCfg = Release|Any CPU
		{6F8681E4-0140-4D3E-941A-A3B285520185}.Release|Any CPU.Build.0 = Release|Any CPU
		{ABF92C49-1F91-4F7D-9757-BA0CBCDD16DE}.Debug|Any CPU.ActiveCfg = Debug|Any CPU
		{ABF92C49-1F91-4F7D-9757-BA0CBCDD16DE}.Debug|Any CPU.Build.0 = Debug|Any CPU
		{ABF92C49-1F91-4F7D-9757-BA0CBCDD16DE}.Release|Any CPU.ActiveCfg = Release|Any CPU
		{ABF92C49-1F91-4F7D-9757-BA0CBCDD16DE}.Release|Any CPU.Build.0 = Release|Any CPU
		{79290CD5-8FA6-4CD6-BAEB-1737D3762498}.Debug|Any CPU.ActiveCfg = Debug|Any CPU
		{79290CD5-8FA6-4CD6-BAEB-1737D3762498}.Debug|Any CPU.Build.0 = Debug|Any CPU
		{79290CD5-8FA6-4CD6-BAEB-1737D3762498}.Release|Any CPU.ActiveCfg = Release|Any CPU
		{79290CD5-8FA6-4CD6-BAEB-1737D3762498}.Release|Any CPU.Build.0 = Release|Any CPU
		{8A8FAC80-A4DB-4714-82EF-B39373970D1B}.Debug|Any CPU.ActiveCfg = Debug|Any CPU
		{8A8FAC80-A4DB-4714-82EF-B39373970D1B}.Debug|Any CPU.Build.0 = Debug|Any CPU
		{8A8FAC80-A4DB-4714-82EF-B39373970D1B}.Release|Any CPU.ActiveCfg = Release|Any CPU
		{8A8FAC80-A4DB-4714-82EF-B39373970D1B}.Release|Any CPU.Build.0 = Release|Any CPU
		{B8CD6A70-858C-4A23-899E-738ACCEA5A2E}.Debug|Any CPU.ActiveCfg = Debug|Any CPU
		{B8CD6A70-858C-4A23-899E-738ACCEA5A2E}.Debug|Any CPU.Build.0 = Debug|Any CPU
		{B8CD6A70-858C-4A23-899E-738ACCEA5A2E}.Release|Any CPU.ActiveCfg = Release|Any CPU
		{B8CD6A70-858C-4A23-899E-738ACCEA5A2E}.Release|Any CPU.Build.0 = Release|Any CPU
		{0AFC53A8-F164-4909-BA92-AA204CC4899F}.Debug|Any CPU.ActiveCfg = Debug|Any CPU
		{0AFC53A8-F164-4909-BA92-AA204CC4899F}.Debug|Any CPU.Build.0 = Debug|Any CPU
		{0AFC53A8-F164-4909-BA92-AA204CC4899F}.Release|Any CPU.ActiveCfg = Release|Any CPU
		{0AFC53A8-F164-4909-BA92-AA204CC4899F}.Release|Any CPU.Build.0 = Release|Any CPU
		{3BC44606-68FD-44BE-8942-E1BEFBD12B98}.Debug|Any CPU.ActiveCfg = Debug|Any CPU
		{3BC44606-68FD-44BE-8942-E1BEFBD12B98}.Debug|Any CPU.Build.0 = Debug|Any CPU
		{3BC44606-68FD-44BE-8942-E1BEFBD12B98}.Release|Any CPU.ActiveCfg = Release|Any CPU
		{3BC44606-68FD-44BE-8942-E1BEFBD12B98}.Release|Any CPU.Build.0 = Release|Any CPU
		{631F264E-0A0C-41D2-9F70-8ABD6931DDF3}.Debug|Any CPU.ActiveCfg = Debug|Any CPU
		{631F264E-0A0C-41D2-9F70-8ABD6931DDF3}.Debug|Any CPU.Build.0 = Debug|Any CPU
		{631F264E-0A0C-41D2-9F70-8ABD6931DDF3}.Release|Any CPU.ActiveCfg = Release|Any CPU
		{631F264E-0A0C-41D2-9F70-8ABD6931DDF3}.Release|Any CPU.Build.0 = Release|Any CPU
		{4A34299E-BBE3-469E-AB2F-FBC9007EBB99}.Debug|Any CPU.ActiveCfg = Debug|Any CPU
		{4A34299E-BBE3-469E-AB2F-FBC9007EBB99}.Debug|Any CPU.Build.0 = Debug|Any CPU
		{4A34299E-BBE3-469E-AB2F-FBC9007EBB99}.Release|Any CPU.ActiveCfg = Release|Any CPU
		{4A34299E-BBE3-469E-AB2F-FBC9007EBB99}.Release|Any CPU.Build.0 = Release|Any CPU
		{76AE6E1B-F362-4B23-B7AC-B8324E117552}.Debug|Any CPU.ActiveCfg = Debug|Any CPU
		{76AE6E1B-F362-4B23-B7AC-B8324E117552}.Debug|Any CPU.Build.0 = Debug|Any CPU
		{76AE6E1B-F362-4B23-B7AC-B8324E117552}.Release|Any CPU.ActiveCfg = Release|Any CPU
		{76AE6E1B-F362-4B23-B7AC-B8324E117552}.Release|Any CPU.Build.0 = Release|Any CPU
		{A4538B0C-34FD-4057-B115-FC86CBE2C7A0}.Debug|Any CPU.ActiveCfg = Debug|Any CPU
		{A4538B0C-34FD-4057-B115-FC86CBE2C7A0}.Debug|Any CPU.Build.0 = Debug|Any CPU
		{A4538B0C-34FD-4057-B115-FC86CBE2C7A0}.Release|Any CPU.ActiveCfg = Release|Any CPU
		{A4538B0C-34FD-4057-B115-FC86CBE2C7A0}.Release|Any CPU.Build.0 = Release|Any CPU
		{88D7F2C3-270F-4666-BE68-02E44A1D4E1C}.Debug|Any CPU.ActiveCfg = Debug|Any CPU
		{88D7F2C3-270F-4666-BE68-02E44A1D4E1C}.Debug|Any CPU.Build.0 = Debug|Any CPU
		{88D7F2C3-270F-4666-BE68-02E44A1D4E1C}.Release|Any CPU.ActiveCfg = Release|Any CPU
		{88D7F2C3-270F-4666-BE68-02E44A1D4E1C}.Release|Any CPU.Build.0 = Release|Any CPU
		{1FAE7701-DEA2-4A9D-9B6B-5A40B49D3455}.Debug|Any CPU.ActiveCfg = Debug|Any CPU
		{1FAE7701-DEA2-4A9D-9B6B-5A40B49D3455}.Debug|Any CPU.Build.0 = Debug|Any CPU
		{1FAE7701-DEA2-4A9D-9B6B-5A40B49D3455}.Release|Any CPU.ActiveCfg = Release|Any CPU
		{1FAE7701-DEA2-4A9D-9B6B-5A40B49D3455}.Release|Any CPU.Build.0 = Release|Any CPU
		{39FCF7BB-CC05-410C-BCE1-8EFE465507B6}.Debug|Any CPU.ActiveCfg = Debug|Any CPU
		{39FCF7BB-CC05-410C-BCE1-8EFE465507B6}.Debug|Any CPU.Build.0 = Debug|Any CPU
		{39FCF7BB-CC05-410C-BCE1-8EFE465507B6}.Release|Any CPU.ActiveCfg = Release|Any CPU
		{39FCF7BB-CC05-410C-BCE1-8EFE465507B6}.Release|Any CPU.Build.0 = Release|Any CPU
		{ECBACB61-BDAE-4EEC-B3FD-E8B74DD0C497}.Debug|Any CPU.ActiveCfg = Debug|Any CPU
		{ECBACB61-BDAE-4EEC-B3FD-E8B74DD0C497}.Debug|Any CPU.Build.0 = Debug|Any CPU
		{ECBACB61-BDAE-4EEC-B3FD-E8B74DD0C497}.Release|Any CPU.ActiveCfg = Release|Any CPU
		{ECBACB61-BDAE-4EEC-B3FD-E8B74DD0C497}.Release|Any CPU.Build.0 = Release|Any CPU
		{C57AA97B-A8DC-4B95-97F8-589387398501}.Debug|Any CPU.ActiveCfg = Debug|Any CPU
		{C57AA97B-A8DC-4B95-97F8-589387398501}.Debug|Any CPU.Build.0 = Debug|Any CPU
		{C57AA97B-A8DC-4B95-97F8-589387398501}.Release|Any CPU.ActiveCfg = Release|Any CPU
		{C57AA97B-A8DC-4B95-97F8-589387398501}.Release|Any CPU.Build.0 = Release|Any CPU
		{9062A59D-0234-4BD0-B02C-568C368A8307}.Debug|Any CPU.ActiveCfg = Debug|Any CPU
		{9062A59D-0234-4BD0-B02C-568C368A8307}.Debug|Any CPU.Build.0 = Debug|Any CPU
		{9062A59D-0234-4BD0-B02C-568C368A8307}.Release|Any CPU.ActiveCfg = Release|Any CPU
		{9062A59D-0234-4BD0-B02C-568C368A8307}.Release|Any CPU.Build.0 = Release|Any CPU
		{CFE8095F-E950-4E4C-834F-122072675F25}.Debug|Any CPU.ActiveCfg = Debug|Any CPU
		{CFE8095F-E950-4E4C-834F-122072675F25}.Debug|Any CPU.Build.0 = Debug|Any CPU
		{CFE8095F-E950-4E4C-834F-122072675F25}.Release|Any CPU.ActiveCfg = Release|Any CPU
		{CFE8095F-E950-4E4C-834F-122072675F25}.Release|Any CPU.Build.0 = Release|Any CPU
		{A3113351-E4B4-4CB7-8B93-E95F38E0B38F}.Debug|Any CPU.ActiveCfg = Debug|Any CPU
		{A3113351-E4B4-4CB7-8B93-E95F38E0B38F}.Debug|Any CPU.Build.0 = Debug|Any CPU
		{A3113351-E4B4-4CB7-8B93-E95F38E0B38F}.Release|Any CPU.ActiveCfg = Release|Any CPU
		{A3113351-E4B4-4CB7-8B93-E95F38E0B38F}.Release|Any CPU.Build.0 = Release|Any CPU
		{F189F327-36AC-4C59-9505-D5386E20D7D8}.Debug|Any CPU.ActiveCfg = Debug|Any CPU
		{F189F327-36AC-4C59-9505-D5386E20D7D8}.Debug|Any CPU.Build.0 = Debug|Any CPU
		{F189F327-36AC-4C59-9505-D5386E20D7D8}.Release|Any CPU.ActiveCfg = Release|Any CPU
		{F189F327-36AC-4C59-9505-D5386E20D7D8}.Release|Any CPU.Build.0 = Release|Any CPU
		{55864B1E-CF0C-4BB2-B56C-65B2F6A1AB73}.Debug|Any CPU.ActiveCfg = Debug|Any CPU
		{55864B1E-CF0C-4BB2-B56C-65B2F6A1AB73}.Debug|Any CPU.Build.0 = Debug|Any CPU
		{55864B1E-CF0C-4BB2-B56C-65B2F6A1AB73}.Release|Any CPU.ActiveCfg = Release|Any CPU
		{55864B1E-CF0C-4BB2-B56C-65B2F6A1AB73}.Release|Any CPU.Build.0 = Release|Any CPU
		{DAE35FF1-9DE6-4473-B638-492EEEAD2249}.Debug|Any CPU.ActiveCfg = Debug|Any CPU
		{DAE35FF1-9DE6-4473-B638-492EEEAD2249}.Debug|Any CPU.Build.0 = Debug|Any CPU
		{DAE35FF1-9DE6-4473-B638-492EEEAD2249}.Release|Any CPU.ActiveCfg = Release|Any CPU
		{DAE35FF1-9DE6-4473-B638-492EEEAD2249}.Release|Any CPU.Build.0 = Release|Any CPU
		{613C894F-6126-44D7-99EF-6C076B1EA71B}.Debug|Any CPU.ActiveCfg = Debug|Any CPU
		{613C894F-6126-44D7-99EF-6C076B1EA71B}.Debug|Any CPU.Build.0 = Debug|Any CPU
		{613C894F-6126-44D7-99EF-6C076B1EA71B}.Release|Any CPU.ActiveCfg = Release|Any CPU
		{613C894F-6126-44D7-99EF-6C076B1EA71B}.Release|Any CPU.Build.0 = Release|Any CPU
		{D3B5F17D-AF2E-41B9-871B-FAEECF375A0C}.Debug|Any CPU.ActiveCfg = Debug|Any CPU
		{D3B5F17D-AF2E-41B9-871B-FAEECF375A0C}.Debug|Any CPU.Build.0 = Debug|Any CPU
		{D3B5F17D-AF2E-41B9-871B-FAEECF375A0C}.Release|Any CPU.ActiveCfg = Release|Any CPU
		{D3B5F17D-AF2E-41B9-871B-FAEECF375A0C}.Release|Any CPU.Build.0 = Release|Any CPU
		{00DDC54E-A196-442A-95AE-95F4FE8F06CA}.Debug|Any CPU.ActiveCfg = Debug|Any CPU
		{00DDC54E-A196-442A-95AE-95F4FE8F06CA}.Debug|Any CPU.Build.0 = Debug|Any CPU
		{00DDC54E-A196-442A-95AE-95F4FE8F06CA}.Release|Any CPU.ActiveCfg = Release|Any CPU
		{00DDC54E-A196-442A-95AE-95F4FE8F06CA}.Release|Any CPU.Build.0 = Release|Any CPU
		{A0DBCDA3-BBE4-4BA3-A3A0-4FA605FA9584}.Debug|Any CPU.ActiveCfg = Debug|Any CPU
		{A0DBCDA3-BBE4-4BA3-A3A0-4FA605FA9584}.Debug|Any CPU.Build.0 = Debug|Any CPU
		{A0DBCDA3-BBE4-4BA3-A3A0-4FA605FA9584}.Release|Any CPU.ActiveCfg = Release|Any CPU
		{A0DBCDA3-BBE4-4BA3-A3A0-4FA605FA9584}.Release|Any CPU.Build.0 = Release|Any CPU
		{5FE694AE-C1C4-4406-9883-5A1B568F59A9}.Debug|Any CPU.ActiveCfg = Debug|Any CPU
		{5FE694AE-C1C4-4406-9883-5A1B568F59A9}.Debug|Any CPU.Build.0 = Debug|Any CPU
		{5FE694AE-C1C4-4406-9883-5A1B568F59A9}.Release|Any CPU.ActiveCfg = Release|Any CPU
		{5FE694AE-C1C4-4406-9883-5A1B568F59A9}.Release|Any CPU.Build.0 = Release|Any CPU
		{06F8E9AD-7B53-4D94-9407-3FD2E1574AD0}.Debug|Any CPU.ActiveCfg = Debug|Any CPU
		{06F8E9AD-7B53-4D94-9407-3FD2E1574AD0}.Debug|Any CPU.Build.0 = Debug|Any CPU
		{06F8E9AD-7B53-4D94-9407-3FD2E1574AD0}.Release|Any CPU.ActiveCfg = Release|Any CPU
		{06F8E9AD-7B53-4D94-9407-3FD2E1574AD0}.Release|Any CPU.Build.0 = Release|Any CPU
		{29AC911C-1FD8-4AC2-96C7-52ADD6AED616}.Debug|Any CPU.ActiveCfg = Debug|Any CPU
		{29AC911C-1FD8-4AC2-96C7-52ADD6AED616}.Debug|Any CPU.Build.0 = Debug|Any CPU
		{29AC911C-1FD8-4AC2-96C7-52ADD6AED616}.Release|Any CPU.ActiveCfg = Release|Any CPU
		{29AC911C-1FD8-4AC2-96C7-52ADD6AED616}.Release|Any CPU.Build.0 = Release|Any CPU
		{C759F2C6-57C9-46EC-B290-1A59A8D73ED6}.Debug|Any CPU.ActiveCfg = Debug|Any CPU
		{C759F2C6-57C9-46EC-B290-1A59A8D73ED6}.Debug|Any CPU.Build.0 = Debug|Any CPU
		{C759F2C6-57C9-46EC-B290-1A59A8D73ED6}.Release|Any CPU.ActiveCfg = Release|Any CPU
		{C759F2C6-57C9-46EC-B290-1A59A8D73ED6}.Release|Any CPU.Build.0 = Release|Any CPU
		{0CED74C1-937B-46C3-990F-692A602D9649}.Debug|Any CPU.ActiveCfg = Debug|Any CPU
		{0CED74C1-937B-46C3-990F-692A602D9649}.Debug|Any CPU.Build.0 = Debug|Any CPU
		{0CED74C1-937B-46C3-990F-692A602D9649}.Release|Any CPU.ActiveCfg = Release|Any CPU
		{0CED74C1-937B-46C3-990F-692A602D9649}.Release|Any CPU.Build.0 = Release|Any CPU
		{29C83B3E-1453-4F39-92A7-DA897917B63D}.Debug|Any CPU.ActiveCfg = Debug|Any CPU
		{29C83B3E-1453-4F39-92A7-DA897917B63D}.Debug|Any CPU.Build.0 = Debug|Any CPU
		{29C83B3E-1453-4F39-92A7-DA897917B63D}.Release|Any CPU.ActiveCfg = Release|Any CPU
		{29C83B3E-1453-4F39-92A7-DA897917B63D}.Release|Any CPU.Build.0 = Release|Any CPU
	EndGlobalSection
EndGlobal
